
Microsoft Visual Studio Solution File, Format Version 12.00
# Visual Studio Version 17
VisualStudioVersion = 17.3.32811.315
MinimumVisualStudioVersion = 10.0.40219.1
Project("{FAE04EC0-301F-11D3-BF4B-00C04F79EFBC}") = "20_Tarasova_2", "20_Tarasova_2\20_Tarasova_2.csproj", "{05519134-EB75-49A2-A7CA-7ECF743D5C80}"
EndProject
Global
	GlobalSection(SolutionConfigurationPlatforms) = preSolution
		Debug|Any CPU = Debug|Any CPU
		Release|Any CPU = Release|Any CPU
	EndGlobalSection
	GlobalSection(ProjectConfigurationPlatforms) = postSolution
		{05519134-EB75-49A2-A7CA-7ECF743D5C80}.Debug|Any CPU.ActiveCfg = Debug|Any CPU
		{05519134-EB75-49A2-A7CA-7ECF743D5C80}.Debug|Any CPU.Build.0 = Debug|Any CPU
		{05519134-EB75-49A2-A7CA-7ECF743D5C80}.Release|Any CPU.ActiveCfg = Release|Any CPU
		{05519134-EB75-49A2-A7CA-7ECF743D5C80}.Release|Any CPU.Build.0 = Release|Any CPU
	EndGlobalSection
	GlobalSection(SolutionProperties) = preSolution
		HideSolutionNode = FALSE
	EndGlobalSection
	GlobalSection(ExtensibilityGlobals) = postSolution
		SolutionGuid = {C8768A7C-0951-4928-AD7D-A83EC604E55E}
	EndGlobalSection
EndGlobal
